
Microsoft Visual Studio Solution File, Format Version 12.00
# Visual Studio Version 16
VisualStudioVersion = 16.0.31205.134
MinimumVisualStudioVersion = 10.0.40219.1
Project("{FAE04EC0-301F-11D3-BF4B-00C04F79EFBC}") = "Soundbase", "Soundbase\Soundbase.csproj", "{77F451AA-C0A7-44C8-BC61-33A28CA60B56}"
EndProject
Project("{FAE04EC0-301F-11D3-BF4B-00C04F79EFBC}") = "SoundbaseUI", "SoundbaseUI\SoundbaseUI.csproj", "{8433BACE-7C7A-4613-AE49-9F611E78BD8A}"
EndProject
Global
	GlobalSection(SolutionConfigurationPlatforms) = preSolution
		Debug|Any CPU = Debug|Any CPU
		Release|Any CPU = Release|Any CPU
	EndGlobalSection
	GlobalSection(ProjectConfigurationPlatforms) = postSolution
		{77F451AA-C0A7-44C8-BC61-33A28CA60B56}.Debug|Any CPU.ActiveCfg = Debug|Any CPU
		{77F451AA-C0A7-44C8-BC61-33A28CA60B56}.Debug|Any CPU.Build.0 = Debug|Any CPU
		{77F451AA-C0A7-44C8-BC61-33A28CA60B56}.Release|Any CPU.ActiveCfg = Release|Any CPU
		{77F451AA-C0A7-44C8-BC61-33A28CA60B56}.Release|Any CPU.Build.0 = Release|Any CPU
		{8433BACE-7C7A-4613-AE49-9F611E78BD8A}.Debug|Any CPU.ActiveCfg = Debug|Any CPU
		{8433BACE-7C7A-4613-AE49-9F611E78BD8A}.Debug|Any CPU.Build.0 = Debug|Any CPU
		{8433BACE-7C7A-4613-AE49-9F611E78BD8A}.Release|Any CPU.ActiveCfg = Release|Any CPU
		{8433BACE-7C7A-4613-AE49-9F611E78BD8A}.Release|Any CPU.Build.0 = Release|Any CPU
	EndGlobalSection
	GlobalSection(SolutionProperties) = preSolution
		HideSolutionNode = FALSE
	EndGlobalSection
	GlobalSection(ExtensibilityGlobals) = postSolution
		SolutionGuid = {54CE8DB2-8705-4A96-9F51-FA65D79E2301}
	EndGlobalSection
EndGlobal
